PODS:
  - Crashlytics (3.8.5):
    - Fabric (~> 1.6.3)
  - Fabric (1.6.12)
  - Firebase/Analytics (4.0.4):
    - Firebase/Core
  - Firebase/Core (4.0.4):
    - FirebaseAnalytics (= 4.0.2)
    - FirebaseCore (= 4.0.4)
  - Firebase/Performance (4.0.4):
    - Firebase/Core
    - FirebasePerformance (= 1.0.3)
  - FirebaseAnalytics (4.0.2):
    - FirebaseCore (~> 4.0)
    - FirebaseInstanceID (~> 2.0)
    - GoogleToolboxForMac/NSData+zlib (~> 2.1)
  - FirebaseCore (4.0.4):
    - GoogleToolboxForMac/NSData+zlib (~> 2.1)
    - nanopb (~> 0.3)
  - FirebaseInstanceID (2.0.0):
    - FirebaseCore (~> 4.0)
  - FirebasePerformance (1.0.3):
    - FirebaseAnalytics (~> 4.0)
    - FirebaseInstanceID (~> 2.0)
    - GoogleToolboxForMac/Logger (~> 2.1)
    - GoogleToolboxForMac/NSData+zlib (~> 2.1)
    - GTMSessionFetcher/Core (~> 1.1)
    - Protobuf (~> 3.1)
  - GoogleToolboxForMac/Defines (2.1.1)
  - GoogleToolboxForMac/Logger (2.1.1):
    - GoogleToolboxForMac/Defines (= 2.1.1)
  - GoogleToolboxForMac/NSData+zlib (2.1.1):
    - GoogleToolboxForMac/Defines (= 2.1.1)
  - GTMSessionFetcher/Core (1.1.11)
  - nanopb (0.3.8):
    - nanopb/decode (= 0.3.8)
    - nanopb/encode (= 0.3.8)
  - nanopb/decode (0.3.8)
  - nanopb/encode (0.3.8)
  - Protobuf (3.3.0)
  - React (0.46.4):
    - React/Core (= 0.46.4)
  - React/ART (0.46.4):
    - React/Core
  - React/BatchedBridge (0.46.4):
    - React/Core
    - React/cxxreact_legacy
  - React/Core (0.46.4):
    - Yoga (= 0.46.4.React)
  - React/cxxreact_legacy (0.46.4):
    - React/jschelpers_legacy
  - React/jschelpers_legacy (0.46.4)
  - ReactNativeFabric (0.4.1):
    - Crashlytics
    - Fabric
    - React
  - RNFirebase (2.2.0):
    - React
  - Yoga (0.46.4.React)

DEPENDENCIES:
  - Firebase/Analytics
  - Firebase/Core
  - Firebase/Performance
  - React/ART (from `../node_modules/react-native`)
  - React/BatchedBridge (from `../node_modules/react-native`)
  - React/Core (from `../node_modules/react-native`)
  - ReactNativeFabric (from `../node_modules/react-native-fabric`)
  - RNFirebase (from `../node_modules/react-native-firebase`)
  - Yoga (from `../node_modules/react-native/ReactCommon/yoga`)

EXTERNAL SOURCES:
  React:
    :path: ../node_modules/react-native
  ReactNativeFabric:
    :path: ../node_modules/react-native-fabric
  RNFirebase:
    :path: ../node_modules/react-native-firebase
  Yoga:
    :path: ../node_modules/react-native/ReactCommon/yoga

SPEC CHECKSUMS:
  Crashlytics: dfbae35ef22ca189240d230ad501feea4ee85d2d
  Fabric: f050464eac45a2ce5a8e6e6a07e977c0df32fe28
  Firebase: 1492bf04e1b73a7353b4fb2cf5a20bac9692f341
  FirebaseAnalytics: ad41720e3e67fc63fbe3d2948d3e26932a8de311
  FirebaseCore: cfc042628ef9f20debe09c0eb683135fcd404cb4
  FirebaseInstanceID: 9fbf536668f4d3f0880e7438456dabd1376e294b
  FirebasePerformance: 36bdb0500213b459ae991766801d5dc5399ff231
  GoogleToolboxForMac: 8e329f1b599f2512c6b10676d45736bcc2cbbeb0
  GTMSessionFetcher: 5ad62e8200fa00ed011fe5e08d27fef72c5b1429
  nanopb: 5601e6bca2dbf1ed831b519092ec110f66982ca3
  Protobuf: d582fecf68201eac3d79ed61369ef45734394b9c
  React: 596d8774642d10fea20b1f24cc591fcf633f73ad
  ReactNativeFabric: b7d9763b3f8fd580ac208b2af84cca725f4922f4
  RNFirebase: 67cf507f625e4584b630804fe1254ca34e0e8958
  Yoga: 98e24da91afe33bb43fedaf27dafede269c04fe8

PODFILE CHECKSUM: 1fc6f4f5f32d9ea693647789a4deb424637925ee

COCOAPODS: 1.3.1
